// !$*UTF8*$!
{
	archiveVersion = 1;
	classes = {
	};
	objectVersion = 56;
	objects = {

/* Begin PBXBuildFile section */
		3DA22BCE2B7A1E4100A23930 /* User.swift in Sources */ = {isa = PBXBuildFile; fileRef = 3DA22BCD2B7A1E4100A23930 /* User.swift */; };
		3DA22BD02B7A1E5700A23930 /* BlogPost.swift in Sources */ = {isa = PBXBuildFile; fileRef = 3DA22BCF2B7A1E5700A23930 /* BlogPost.swift */; };
		3DA22BD22B7A1E8E00A23930 /* PayWallHeaderView.swift in Sources */ = {isa = PBXBuildFile; fileRef = 3DA22BD12B7A1E8E00A23930 /* PayWallHeaderView.swift */; };
		3DA22BD42B7A1EB100A23930 /* PayWallDescriptionView.swift in Sources */ = {isa = PBXBuildFile; fileRef = 3DA22BD32B7A1EB100A23930 /* PayWallDescriptionView.swift */; };
		3DA22BD62B7A1EE100A23930 /* SignInHeaderView.swift in Sources */ = {isa = PBXBuildFile; fileRef = 3DA22BD52B7A1EE100A23930 /* SignInHeaderView.swift */; };
		3DA22BD82B7A1F3900A23930 /* PostPreviewTableViewCell.swift in Sources */ = {isa = PBXBuildFile; fileRef = 3DA22BD72B7A1F3900A23930 /* PostPreviewTableViewCell.swift */; };
		3DA22BDA2B7A1F6200A23930 /* PostHeaderTableViewCell.swift in Sources */ = {isa = PBXBuildFile; fileRef = 3DA22BD92B7A1F6200A23930 /* PostHeaderTableViewCell.swift */; };
		3DA22BDC2B7A1FAF00A23930 /* PayWallViewController.swift in Sources */ = {isa = PBXBuildFile; fileRef = 3DA22BDB2B7A1FAF00A23930 /* PayWallViewController.swift */; };
		3DA22BDE2B7A1FD400A23930 /* HomeViewController.swift in Sources */ = {isa = PBXBuildFile; fileRef = 3DA22BDD2B7A1FD400A23930 /* HomeViewController.swift */; };
		3DA22BE02B7A1FF300A23930 /* ProfileViewController.swift in Sources */ = {isa = PBXBuildFile; fileRef = 3DA22BDF2B7A1FF300A23930 /* ProfileViewController.swift */; };
		3DA22BE22B7A200F00A23930 /* TabBarViewController.swift in Sources */ = {isa = PBXBuildFile; fileRef = 3DA22BE12B7A200F00A23930 /* TabBarViewController.swift */; };
		3DA22BE42B7A203000A23930 /* SignInViewController.swift in Sources */ = {isa = PBXBuildFile; fileRef = 3DA22BE32B7A203000A23930 /* SignInViewController.swift */; };
		3DA22BE62B7A204B00A23930 /* SignUpViewController.swift in Sources */ = {isa = PBXBuildFile; fileRef = 3DA22BE52B7A204B00A23930 /* SignUpViewController.swift */; };
		3DA22BE82B7A206C00A23930 /* ViewPostViewController.swift in Sources */ = {isa = PBXBuildFile; fileRef = 3DA22BE72B7A206C00A23930 /* ViewPostViewController.swift */; };
		3DA22BEA2B7A208F00A23930 /* CreateNewPostViewController.swift in Sources */ = {isa = PBXBuildFile; fileRef = 3DA22BE92B7A208F00A23930 /* CreateNewPostViewController.swift */; };
		3DA22BEC2B7A215500A23930 /* Extensions.swift in Sources */ = {isa = PBXBuildFile; fileRef = 3DA22BEB2B7A215500A23930 /* Extensions.swift */; };
		3DA22BEE2B7A216B00A23930 /* IAPManager.swift in Sources */ = {isa = PBXBuildFile; fileRef = 3DA22BED2B7A216B00A23930 /* IAPManager.swift */; };
		3DA22BF02B7A218900A23930 /* DatabaseManager.swift in Sources */ = {isa = PBXBuildFile; fileRef = 3DA22BEF2B7A218900A23930 /* DatabaseManager.swift */; };
		3DA22BF22B7A21A200A23930 /* AuthManager.swift in Sources */ = {isa = PBXBuildFile; fileRef = 3DA22BF12B7A21A200A23930 /* AuthManager.swift */; };
		3DA22BF42B7A21BF00A23930 /* StorageManager.swift in Sources */ = {isa = PBXBuildFile; fileRef = 3DA22BF32B7A21BF00A23930 /* StorageManager.swift */; };
		3DA22BF62B7A21DE00A23930 /* HapticsManager.swift in Sources */ = {isa = PBXBuildFile; fileRef = 3DA22BF52B7A21DE00A23930 /* HapticsManager.swift */; };
		3DE9881A2B75D4A50019A46B /* AppDelegate.swift in Sources */ = {isa = PBXBuildFile; fileRef = 3DE988192B75D4A50019A46B /* AppDelegate.swift */; };
		3DE9881C2B75D4A50019A46B /* SceneDelegate.swift in Sources */ = {isa = PBXBuildFile; fileRef = 3DE9881B2B75D4A50019A46B /* SceneDelegate.swift */; };
		3DE988232B75D4A60019A46B /* Assets.xcassets in Resources */ = {isa = PBXBuildFile; fileRef = 3DE988222B75D4A60019A46B /* Assets.xcassets */; };
		3DE988262B75D4A60019A46B /* LaunchScreen.storyboard in Resources */ = {isa = PBXBuildFile; fileRef = 3DE988242B75D4A60019A46B /* LaunchScreen.storyboard */; };
/* End PBXBuildFile section */

/* Begin PBXFileReference section */
		3DA22BCD2B7A1E4100A23930 /* User.swift */ = {isa = PBXFileReference; lastKnownFileType = sourcecode.swift; path = User.swift; sourceTree = "<group>"; };
		3DA22BCF2B7A1E5700A23930 /* BlogPost.swift */ = {isa = PBXFileReference; lastKnownFileType = sourcecode.swift; path = BlogPost.swift; sourceTree = "<group>"; };
		3DA22BD12B7A1E8E00A23930 /* PayWallHeaderView.swift */ = {isa = PBXFileReference; lastKnownFileType = sourcecode.swift; path = PayWallHeaderView.swift; sourceTree = "<group>"; };
		3DA22BD32B7A1EB100A23930 /* PayWallDescriptionView.swift */ = {isa = PBXFileReference; lastKnownFileType = sourcecode.swift; path = PayWallDescriptionView.swift; sourceTree = "<group>"; };
		3DA22BD52B7A1EE100A23930 /* SignInHeaderView.swift */ = {isa = PBXFileReference; lastKnownFileType = sourcecode.swift; path = SignInHeaderView.swift; sourceTree = "<group>"; };
		3DA22BD72B7A1F3900A23930 /* PostPreviewTableViewCell.swift */ = {isa = PBXFileReference; lastKnownFileType = sourcecode.swift; path = PostPreviewTableViewCell.swift; sourceTree = "<group>"; };
		3DA22BD92B7A1F6200A23930 /* PostHeaderTableViewCell.swift */ = {isa = PBXFileReference; lastKnownFileType = sourcecode.swift; path = PostHeaderTableViewCell.swift; sourceTree = "<group>"; };
		3DA22BDB2B7A1FAF00A23930 /* PayWallViewController.swift */ = {isa = PBXFileReference; lastKnownFileType = sourcecode.swift; path = PayWallViewController.swift; sourceTree = "<group>"; };
		3DA22BDD2B7A1FD400A23930 /* HomeViewController.swift */ = {isa = PBXFileReference; lastKnownFileType = sourcecode.swift; path = HomeViewController.swift; sourceTree = "<group>"; };
		3DA22BDF2B7A1FF300A23930 /* ProfileViewController.swift */ = {isa = PBXFileReference; lastKnownFileType = sourcecode.swift; path = ProfileViewController.swift; sourceTree = "<group>"; };
		3DA22BE12B7A200F00A23930 /* TabBarViewController.swift */ = {isa = PBXFileReference; lastKnownFileType = sourcecode.swift; path = TabBarViewController.swift; sourceTree = "<group>"; };
		3DA22BE32B7A203000A23930 /* SignInViewController.swift */ = {isa = PBXFileReference; lastKnownFileType = sourcecode.swift; path = SignInViewController.swift; sourceTree = "<group>"; };
		3DA22BE52B7A204B00A23930 /* SignUpViewController.swift */ = {isa = PBXFileReference; lastKnownFileType = sourcecode.swift; path = SignUpViewController.swift; sourceTree = "<group>"; };
		3DA22BE72B7A206C00A23930 /* ViewPostViewController.swift */ = {isa = PBXFileReference; lastKnownFileType = sourcecode.swift; path = ViewPostViewController.swift; sourceTree = "<group>"; };
		3DA22BE92B7A208F00A23930 /* CreateNewPostViewController.swift */ = {isa = PBXFileReference; lastKnownFileType = sourcecode.swift; path = CreateNewPostViewController.swift; sourceTree = "<group>"; };
		3DA22BEB2B7A215500A23930 /* Extensions.swift */ = {isa = PBXFileReference; lastKnownFileType = sourcecode.swift; path = Extensions.swift; sourceTree = "<group>"; };
		3DA22BED2B7A216B00A23930 /* IAPManager.swift */ = {isa = PBXFileReference; lastKnownFileType = sourcecode.swift; path = IAPManager.swift; sourceTree = "<group>"; };
		3DA22BEF2B7A218900A23930 /* DatabaseManager.swift */ = {isa = PBXFileReference; lastKnownFileType = sourcecode.swift; path = DatabaseManager.swift; sourceTree = "<group>"; };
		3DA22BF12B7A21A200A23930 /* AuthManager.swift */ = {isa = PBXFileReference; lastKnownFileType = sourcecode.swift; path = AuthManager.swift; sourceTree = "<group>"; };
		3DA22BF32B7A21BF00A23930 /* StorageManager.swift */ = {isa = PBXFileReference; lastKnownFileType = sourcecode.swift; path = StorageManager.swift; sourceTree = "<group>"; };
		3DA22BF52B7A21DE00A23930 /* HapticsManager.swift */ = {isa = PBXFileReference; lastKnownFileType = sourcecode.swift; path = HapticsManager.swift; sourceTree = "<group>"; };
		3DE988162B75D4A50019A46B /* Thoughts.app */ = {isa = PBXFileReference; explicitFileType = wrapper.application; includeInIndex = 0; path = Thoughts.app; sourceTree = BUILT_PRODUCTS_DIR; };
		3DE988192B75D4A50019A46B /* AppDelegate.swift */ = {isa = PBXFileReference; lastKnownFileType = sourcecode.swift; path = AppDelegate.swift; sourceTree = "<group>"; };
		3DE9881B2B75D4A50019A46B /* SceneDelegate.swift */ = {isa = PBXFileReference; lastKnownFileType = sourcecode.swift; path = SceneDelegate.swift; sourceTree = "<group>"; };
		3DE988222B75D4A60019A46B /* Assets.xcassets */ = {isa = PBXFileReference; lastKnownFileType = folder.assetcatalog; path = Assets.xcassets; sourceTree = "<group>"; };
		3DE988252B75D4A60019A46B /* Base */ = {isa = PBXFileReference; lastKnownFileType = file.storyboard; name = Base; path = Base.lproj/LaunchScreen.storyboard; sourceTree = "<group>"; };
		3DE988272B75D4A60019A46B /* Info.plist */ = {isa = PBXFileReference; lastKnownFileType = text.plist.xml; path = Info.plist; sourceTree = "<group>"; };
/* End PBXFileReference section */

/* Begin PBXFrameworksBuildPhase section */
		3DE988132B75D4A50019A46B /* Frameworks */ = {
			isa = PBXFrameworksBuildPhase;
			buildActionMask = 2147483647;
			files = (
			);
			runOnlyForDeploymentPostprocessing = 0;
		};
/* End PBXFrameworksBuildPhase section */

/* Begin PBXGroup section */
		3DA22BC82B7A1BFB00A23930 /* Managers */ = {
			isa = PBXGroup;
			children = (
				3DA22BED2B7A216B00A23930 /* IAPManager.swift */,
				3DA22BEF2B7A218900A23930 /* DatabaseManager.swift */,
				3DA22BF12B7A21A200A23930 /* AuthManager.swift */,
				3DA22BF32B7A21BF00A23930 /* StorageManager.swift */,
				3DA22BF52B7A21DE00A23930 /* HapticsManager.swift */,
			);
			path = Managers;
			sourceTree = "<group>";
		};
		3DA22BC92B7A1C0400A23930 /* Other */ = {
			isa = PBXGroup;
			children = (
				3DE988222B75D4A60019A46B /* Assets.xcassets */,
				3DE988192B75D4A50019A46B /* AppDelegate.swift */,
				3DE9881B2B75D4A50019A46B /* SceneDelegate.swift */,
				3DA22BEB2B7A215500A23930 /* Extensions.swift */,
			);
			path = Other;
			sourceTree = "<group>";
		};
		3DA22BCA2B7A1C0900A23930 /* Controllers */ = {
			isa = PBXGroup;
			children = (
				3DA22BDB2B7A1FAF00A23930 /* PayWallViewController.swift */,
				3DA22BDD2B7A1FD400A23930 /* HomeViewController.swift */,
				3DA22BDF2B7A1FF300A23930 /* ProfileViewController.swift */,
				3DA22BE12B7A200F00A23930 /* TabBarViewController.swift */,
				3DA22BE32B7A203000A23930 /* SignInViewController.swift */,
				3DA22BE52B7A204B00A23930 /* SignUpViewController.swift */,
				3DA22BE72B7A206C00A23930 /* ViewPostViewController.swift */,
				3DA22BE92B7A208F00A23930 /* CreateNewPostViewController.swift */,
			);
			path = Controllers;
			sourceTree = "<group>";
		};
		3DA22BCB2B7A1C1700A23930 /* Views */ = {
			isa = PBXGroup;
			children = (
				3DA22BD12B7A1E8E00A23930 /* PayWallHeaderView.swift */,
				3DA22BD32B7A1EB100A23930 /* PayWallDescriptionView.swift */,
				3DE988242B75D4A60019A46B /* LaunchScreen.storyboard */,
				3DA22BD52B7A1EE100A23930 /* SignInHeaderView.swift */,
				3DA22BD72B7A1F3900A23930 /* PostPreviewTableViewCell.swift */,
				3DA22BD92B7A1F6200A23930 /* PostHeaderTableViewCell.swift */,
			);
			path = Views;
			sourceTree = "<group>";
		};
		3DA22BCC2B7A1C1F00A23930 /* Models */ = {
			isa = PBXGroup;
			children = (
				3DA22BCD2B7A1E4100A23930 /* User.swift */,
				3DA22BCF2B7A1E5700A23930 /* BlogPost.swift */,
			);
			path = Models;
			sourceTree = "<group>";
		};
		3DE9880D2B75D4A50019A46B = {
			isa = PBXGroup;
			children = (
				3DE988182B75D4A50019A46B /* Thoughts */,
				3DE988172B75D4A50019A46B /* Products */,
			);
			sourceTree = "<group>";
		};
		3DE988172B75D4A50019A46B /* Products */ = {
			isa = PBXGroup;
			children = (
				3DE988162B75D4A50019A46B /* Thoughts.app */,
			);
			name = Products;
			sourceTree = "<group>";
		};
		3DE988182B75D4A50019A46B /* Thoughts */ = {
			isa = PBXGroup;
			children = (
				3DA22BCC2B7A1C1F00A23930 /* Models */,
				3DA22BCB2B7A1C1700A23930 /* Views */,
				3DA22BCA2B7A1C0900A23930 /* Controllers */,
				3DA22BC92B7A1C0400A23930 /* Other */,
				3DA22BC82B7A1BFB00A23930 /* Managers */,
				3DE988272B75D4A60019A46B /* Info.plist */,
			);
			path = Thoughts;
			sourceTree = "<group>";
		};
/* End PBXGroup section */

/* Begin PBXNativeTarget section */
		3DE988152B75D4A50019A46B /* Thoughts */ = {
			isa = PBXNativeTarget;
			buildConfigurationList = 3DE9882A2B75D4A60019A46B /* Build configuration list for PBXNativeTarget "Thoughts" */;
			buildPhases = (
				3DE988122B75D4A50019A46B /* Sources */,
				3DE988132B75D4A50019A46B /* Frameworks */,
				3DE988142B75D4A50019A46B /* Resources */,
			);
			buildRules = (
			);
			dependencies = (
			);
			name = Thoughts;
			productName = Thoughts;
			productReference = 3DE988162B75D4A50019A46B /* Thoughts.app */;
			productType = "com.apple.product-type.application";
		};
/* End PBXNativeTarget section */

/* Begin PBXProject section */
		3DE9880E2B75D4A50019A46B /* Project object */ = {
			isa = PBXProject;
			attributes = {
				BuildIndependentTargetsInParallel = 1;
				LastSwiftUpdateCheck = 1430;
				LastUpgradeCheck = 1430;
				TargetAttributes = {
					3DE988152B75D4A50019A46B = {
						CreatedOnToolsVersion = 14.3.1;
					};
				};
			};
			buildConfigurationList = 3DE988112B75D4A50019A46B /* Build configuration list for PBXProject "Thoughts" */;
			compatibilityVersion = "Xcode 14.0";
			developmentRegion = en;
			hasScannedForEncodings = 0;
			knownRegions = (
				en,
				Base,
			);
			mainGroup = 3DE9880D2B75D4A50019A46B;
			productRefGroup = 3DE988172B75D4A50019A46B /* Products */;
			projectDirPath = "";
			projectRoot = "";
			targets = (
				3DE988152B75D4A50019A46B /* Thoughts */,
			);
		};
/* End PBXProject section */

/* Begin PBXResourcesBuildPhase section */
		3DE988142B75D4A50019A46B /* Resources */ = {
			isa = PBXResourcesBuildPhase;
			buildActionMask = 2147483647;
			files = (
				3DE988262B75D4A60019A46B /* LaunchScreen.storyboard in Resources */,
				3DE988232B75D4A60019A46B /* Assets.xcassets in Resources */,
			);
			runOnlyForDeploymentPostprocessing = 0;
		};
/* End PBXResourcesBuildPhase section */

/* Begin PBXSourcesBuildPhase section */
		3DE988122B75D4A50019A46B /* Sources */ = {
			isa = PBXSourcesBuildPhase;
			buildActionMask = 2147483647;
			files = (
				3DA22BD22B7A1E8E00A23930 /* PayWallHeaderView.swift in Sources */,
				3DA22BF22B7A21A200A23930 /* AuthManager.swift in Sources */,
				3DA22BEC2B7A215500A23930 /* Extensions.swift in Sources */,
				3DA22BD02B7A1E5700A23930 /* BlogPost.swift in Sources */,
				3DA22BDA2B7A1F6200A23930 /* PostHeaderTableViewCell.swift in Sources */,
				3DA22BCE2B7A1E4100A23930 /* User.swift in Sources */,
				3DA22BE22B7A200F00A23930 /* TabBarViewController.swift in Sources */,
				3DA22BEA2B7A208F00A23930 /* CreateNewPostViewController.swift in Sources */,
				3DA22BEE2B7A216B00A23930 /* IAPManager.swift in Sources */,
				3DA22BDC2B7A1FAF00A23930 /* PayWallViewController.swift in Sources */,
				3DA22BD42B7A1EB100A23930 /* PayWallDescriptionView.swift in Sources */,
				3DA22BE42B7A203000A23930 /* SignInViewController.swift in Sources */,
				3DA22BD62B7A1EE100A23930 /* SignInHeaderView.swift in Sources */,
				3DA22BF42B7A21BF00A23930 /* StorageManager.swift in Sources */,
				3DA22BF02B7A218900A23930 /* DatabaseManager.swift in Sources */,
				3DA22BE62B7A204B00A23930 /* SignUpViewController.swift in Sources */,
				3DA22BE82B7A206C00A23930 /* ViewPostViewController.swift in Sources */,
				3DA22BD82B7A1F3900A23930 /* PostPreviewTableViewCell.swift in Sources */,
				3DE9881A2B75D4A50019A46B /* AppDelegate.swift in Sources */,
				3DA22BE02B7A1FF300A23930 /* ProfileViewController.swift in Sources */,
				3DA22BF62B7A21DE00A23930 /* HapticsManager.swift in Sources */,
				3DE9881C2B75D4A50019A46B /* SceneDelegate.swift in Sources */,
				3DA22BDE2B7A1FD400A23930 /* HomeViewController.swift in Sources */,
			);
			runOnlyForDeploymentPostprocessing = 0;
		};
/* End PBXSourcesBuildPhase section */

/* Begin PBXVariantGroup section */
		3DE988242B75D4A60019A46B /* LaunchScreen.storyboard */ = {
			isa = PBXVariantGroup;
			children = (
				3DE988252B75D4A60019A46B /* Base */,
			);
			name = LaunchScreen.storyboard;
			sourceTree = "<group>";
		};
/* End PBXVariantGroup section */

/* Begin XCBuildConfiguration section */
		3DE988282B75D4A60019A46B /* Debug */ = {
			isa = XCBuildConfiguration;
			buildSettings = {
				ALWAYS_SEARCH_USER_PATHS = NO;
				CLANG_ANALYZER_NONNULL = YES;
				CLANG_ANALYZER_NUMBER_OBJECT_CONVERSION = YES_AGGRESSIVE;
				CLANG_CXX_LANGUAGE_STANDARD = "gnu++20";
				CLANG_ENABLE_MODULES = YES;
				CLANG_ENABLE_OBJC_ARC = YES;
				CLANG_ENABLE_OBJC_WEAK = YES;
				CLANG_WARN_BLOCK_CAPTURE_AUTORELEASING = YES;
				CLANG_WARN_BOOL_CONVERSION = YES;
				CLANG_WARN_COMMA = YES;
				CLANG_WARN_CONSTANT_CONVERSION = YES;
				CLANG_WARN_DEPRECATED_OBJC_IMPLEMENTATIONS = YES;
				CLANG_WARN_DIRECT_OBJC_ISA_USAGE = YES_ERROR;
				CLANG_WARN_DOCUMENTATION_COMMENTS = YES;
				CLANG_WARN_EMPTY_BODY = YES;
				CLANG_WARN_ENUM_CONVERSION = YES;
				CLANG_WARN_INFINITE_RECURSION = YES;
				CLANG_WARN_INT_CONVERSION = YES;
				CLANG_WARN_NON_LITERAL_NULL_CONVERSION = YES;
				CLANG_WARN_OBJC_IMPLICIT_RETAIN_SELF = YES;
				CLANG_WARN_OBJC_LITERAL_CONVERSION = YES;
				CLANG_WARN_OBJC_ROOT_CLASS = YES_ERROR;
				CLANG_WARN_QUOTED_INCLUDE_IN_FRAMEWORK_HEADER = YES;
				CLANG_WARN_RANGE_LOOP_ANALYSIS = YES;
				CLANG_WARN_STRICT_PROTOTYPES = YES;
				CLANG_WARN_SUSPICIOUS_MOVE = YES;
				CLANG_WARN_UNGUARDED_AVAILABILITY = YES_AGGRESSIVE;
				CLANG_WARN_UNREACHABLE_CODE = YES;
				CLANG_WARN__DUPLICATE_METHOD_MATCH = YES;
				COPY_PHASE_STRIP = NO;
				DEBUG_INFORMATION_FORMAT = dwarf;
				ENABLE_STRICT_OBJC_MSGSEND = YES;
				ENABLE_TESTABILITY = YES;
				GCC_C_LANGUAGE_STANDARD = gnu11;
				GCC_DYNAMIC_NO_PIC = NO;
				GCC_NO_COMMON_BLOCKS = YES;
				GCC_OPTIMIZATION_LEVEL = 0;
				GCC_PREPROCESSOR_DEFINITIONS = (
					"DEBUG=1",
					"$(inherited)",
				);
				GCC_WARN_64_TO_32_BIT_CONVERSION = YES;
				GCC_WARN_ABOUT_RETURN_TYPE = YES_ERROR;
				GCC_WARN_UNDECLARED_SELECTOR = YES;
				GCC_WARN_UNINITIALIZED_AUTOS = YES_AGGRESSIVE;
				GCC_WARN_UNUSED_FUNCTION = YES;
				GCC_WARN_UNUSED_VARIABLE = YES;
				IPHONEOS_DEPLOYMENT_TARGET = 16.4;
				MTL_ENABLE_DEBUG_INFO = INCLUDE_SOURCE;
				MTL_FAST_MATH = YES;
				ONLY_ACTIVE_ARCH = YES;
				SDKROOT = iphoneos;
				SWIFT_ACTIVE_COMPILATION_CONDITIONS = DEBUG;
				SWIFT_OPTIMIZATION_LEVEL = "-Onone";
			};
			name = Debug;
		};
		3DE988292B75D4A60019A46B /* Release */ = {
			isa = XCBuildConfiguration;
			buildSettings = {
				ALWAYS_SEARCH_USER_PATHS = NO;
				CLANG_ANALYZER_NONNULL = YES;
				CLANG_ANALYZER_NUMBER_OBJECT_CONVERSION = YES_AGGRESSIVE;
				CLANG_CXX_LANGUAGE_STANDARD = "gnu++20";
				CLANG_ENABLE_MODULES = YES;
				CLANG_ENABLE_OBJC_ARC = YES;
				CLANG_ENABLE_OBJC_WEAK = YES;
				CLANG_WARN_BLOCK_CAPTURE_AUTORELEASING = YES;
				CLANG_WARN_BOOL_CONVERSION = YES;
				CLANG_WARN_COMMA = YES;
				CLANG_WARN_CONSTANT_CONVERSION = YES;
				CLANG_WARN_DEPRECATED_OBJC_IMPLEMENTATIONS = YES;
				CLANG_WARN_DIRECT_OBJC_ISA_USAGE = YES_ERROR;
				CLANG_WARN_DOCUMENTATION_COMMENTS = YES;
				CLANG_WARN_EMPTY_BODY = YES;
				CLANG_WARN_ENUM_CONVERSION = YES;
				CLANG_WARN_INFINITE_RECURSION = YES;
				CLANG_WARN_INT_CONVERSION = YES;
				CLANG_WARN_NON_LITERAL_NULL_CONVERSION = YES;
				CLANG_WARN_OBJC_IMPLICIT_RETAIN_SELF = YES;
				CLANG_WARN_OBJC_LITERAL_CONVERSION = YES;
				CLANG_WARN_OBJC_ROOT_CLASS = YES_ERROR;
				CLANG_WARN_QUOTED_INCLUDE_IN_FRAMEWORK_HEADER = YES;
				CLANG_WARN_RANGE_LOOP_ANALYSIS = YES;
				CLANG_WARN_STRICT_PROTOTYPES = YES;
				CLANG_WARN_SUSPICIOUS_MOVE = YES;
				CLANG_WARN_UNGUARDED_AVAILABILITY = YES_AGGRESSIVE;
				CLANG_WARN_UNREACHABLE_CODE = YES;
				CLANG_WARN__DUPLICATE_METHOD_MATCH = YES;
				COPY_PHASE_STRIP = NO;
				DEBUG_INFORMATION_FORMAT = "dwarf-with-dsym";
				ENABLE_NS_ASSERTIONS = NO;
				ENABLE_STRICT_OBJC_MSGSEND = YES;
				GCC_C_LANGUAGE_STANDARD = gnu11;
				GCC_NO_COMMON_BLOCKS = YES;
				GCC_WARN_64_TO_32_BIT_CONVERSION = YES;
				GCC_WARN_ABOUT_RETURN_TYPE = YES_ERROR;
				GCC_WARN_UNDECLARED_SELECTOR = YES;
				GCC_WARN_UNINITIALIZED_AUTOS = YES_AGGRESSIVE;
				GCC_WARN_UNUSED_FUNCTION = YES;
				GCC_WARN_UNUSED_VARIABLE = YES;
				IPHONEOS_DEPLOYMENT_TARGET = 16.4;
				MTL_ENABLE_DEBUG_INFO = NO;
				MTL_FAST_MATH = YES;
				SDKROOT = iphoneos;
				SWIFT_COMPILATION_MODE = wholemodule;
				SWIFT_OPTIMIZATION_LEVEL = "-O";
				VALIDATE_PRODUCT = YES;
			};
			name = Release;
		};
		3DE9882B2B75D4A60019A46B /* Debug */ = {
			isa = XCBuildConfiguration;
			buildSettings = {
				ASSETCATALOG_COMPILER_APPICON_NAME = AppIcon;
				ASSETCATALOG_COMPILER_GLOBAL_ACCENT_COLOR_NAME = AccentColor;
				CODE_SIGN_STYLE = Automatic;
				CURRENT_PROJECT_VERSION = 1;
				DEVELOPMENT_TEAM = VJFD5DRS6S;
				GENERATE_INFOPLIST_FILE = YES;
				INFOPLIST_FILE = Thoughts/Info.plist;
				INFOPLIST_KEY_UIApplicationSupportsIndirectInputEvents = YES;
				INFOPLIST_KEY_UILaunchStoryboardName = LaunchScreen;
				INFOPLIST_KEY_UIMainStoryboardFile = Main;
				INFOPLIST_KEY_UISupportedInterfaceOrientations = UIInterfaceOrientationPortrait;
				LD_RUNPATH_SEARCH_PATHS = (
					"$(inherited)",
					"@executable_path/Frameworks",
				);
				MARKETING_VERSION = 1.0;
				PRODUCT_BUNDLE_IDENTIFIER = com.seattle.Thoughts;
				PRODUCT_NAME = "$(TARGET_NAME)";
				SUPPORTED_PLATFORMS = "iphoneos iphonesimulator";
				SUPPORTS_MACCATALYST = NO;
				SUPPORTS_MAC_DESIGNED_FOR_IPHONE_IPAD = NO;
				SWIFT_EMIT_LOC_STRINGS = YES;
				SWIFT_VERSION = 5.0;
				TARGETED_DEVICE_FAMILY = 1;
			};
			name = Debug;
		};
		3DE9882C2B75D4A60019A46B /* Release */ = {
			isa = XCBuildConfiguration;
			buildSettings = {
				ASSETCATALOG_COMPILER_APPICON_NAME = AppIcon;
				ASSETCATALOG_COMPILER_GLOBAL_ACCENT_COLOR_NAME = AccentColor;
				CODE_SIGN_STYLE = Automatic;
				CURRENT_PROJECT_VERSION = 1;
				DEVELOPMENT_TEAM = VJFD5DRS6S;
				GENERATE_INFOPLIST_FILE = YES;
				INFOPLIST_FILE = Thoughts/Info.plist;
				INFOPLIST_KEY_UIApplicationSupportsIndirectInputEvents = YES;
				INFOPLIST_KEY_UILaunchStoryboardName = LaunchScreen;
				INFOPLIST_KEY_UIMainStoryboardFile = Main;
				INFOPLIST_KEY_UISupportedInterfaceOrientations = UIInterfaceOrientationPortrait;
				LD_RUNPATH_SEARCH_PATHS = (
					"$(inherited)",
					"@executable_path/Frameworks",
				);
				MARKETING_VERSION = 1.0;
				PRODUCT_BUNDLE_IDENTIFIER = com.seattle.Thoughts;
				PRODUCT_NAME = "$(TARGET_NAME)";
				SUPPORTED_PLATFORMS = "iphoneos iphonesimulator";
				SUPPORTS_MACCATALYST = NO;
				SUPPORTS_MAC_DESIGNED_FOR_IPHONE_IPAD = NO;
				SWIFT_EMIT_LOC_STRINGS = YES;
				SWIFT_VERSION = 5.0;
				TARGETED_DEVICE_FAMILY = 1;
			};
			name = Release;
		};
/* End XCBuildConfiguration section */

/* Begin XCConfigurationList section */
		3DE988112B75D4A50019A46B /* Build configuration list for PBXProject "Thoughts" */ = {
			isa = XCConfigurationList;
			buildConfigurations = (
				3DE988282B75D4A60019A46B /* Debug */,
				3DE988292B75D4A60019A46B /* Release */,
			);
			defaultConfigurationIsVisible = 0;
			defaultConfigurationName = Release;
		};
		3DE9882A2B75D4A60019A46B /* Build configuration list for PBXNativeTarget "Thoughts" */ = {
			isa = XCConfigurationList;
			buildConfigurations = (
				3DE9882B2B75D4A60019A46B /* Debug */,
				3DE9882C2B75D4A60019A46B /* Release */,
			);
			defaultConfigurationIsVisible = 0;
			defaultConfigurationName = Release;
		};
/* End XCConfigurationList section */
	};
	rootObject = 3DE9880E2B75D4A50019A46B /* Project object */;
}
